
Microsoft Visual Studio Solution File, Format Version 12.00
# Visual Studio Version 16
VisualStudioVersion = 16.0.32901.82
MinimumVisualStudioVersion = 10.0.40219.1
Project("{FAE04EC0-301F-11D3-BF4B-00C04F79EFBC}") = "BackEnd", "BackEnd\BackEnd.csproj", "{43041535-F0CB-4D08-867F-423F98BED353}"
EndProject
Global
	GlobalSection(SolutionConfigurationPlatforms) = preSolution
		Debug|Any CPU = Debug|Any CPU
		Release|Any CPU = Release|Any CPU
	EndGlobalSection
	GlobalSection(ProjectConfigurationPlatforms) = postSolution
		{43041535-F0CB-4D08-867F-423F98BED353}.Debug|Any CPU.ActiveCfg = Debug|Any CPU
		{43041535-F0CB-4D08-867F-423F98BED353}.Debug|Any CPU.Build.0 = Debug|Any CPU
		{43041535-F0CB-4D08-867F-423F98BED353}.Release|Any CPU.ActiveCfg = Release|Any CPU
		{43041535-F0CB-4D08-867F-423F98BED353}.Release|Any CPU.Build.0 = Release|Any CPU
	EndGlobalSection
	GlobalSection(SolutionProperties) = preSolution
		HideSolutionNode = FALSE
	EndGlobalSection
	GlobalSection(ExtensibilityGlobals) = postSolution
		SolutionGuid = {075F7C2A-E299-484E-9687-A255BD61D816}
	EndGlobalSection
EndGlobal
